
Microsoft Visual Studio Solution File, Format Version 12.00
# Visual Studio Version 16
VisualStudioVersion = 16.0.30907.101
MinimumVisualStudioVersion = 10.0.40219.1
Project("{9A19103F-16F7-4668-BE54-9A1E7A4F7556}") = "Age", "ConsoleApp1\Age.csproj", "{2CBD2AD0-CB69-438D-A6E6-4D88A0E424D0}"
EndProject
Project("{FAE04EC0-301F-11D3-BF4B-00C04F79EFBC}") = "Divison", "Divison\Divison.csproj", "{1A11AE83-3139-45D3-9E23-E7E69D9609BF}"
EndProject
Project("{FAE04EC0-301F-11D3-BF4B-00C04F79EFBC}") = "Vacation", "Vacation\Vacation.csproj", "{E20E9183-6954-43DE-A3BA-DC9FA1DCB846}"
EndProject
Project("{FAE04EC0-301F-11D3-BF4B-00C04F79EFBC}") = "Print and Sum", "Print and Sum\Print and Sum.csproj", "{A73CE86A-E7B2-409F-AA10-8FFA2F1186EC}"
EndProject
Project("{FAE04EC0-301F-11D3-BF4B-00C04F79EFBC}") = "Login", "Login\Login.csproj", "{F829CFE4-7EC9-4F23-8DB5-AA40396C76AA}"
EndProject
Project("{FAE04EC0-301F-11D3-BF4B-00C04F79EFBC}") = "Strong Number", "Strong Number\Strong Number.csproj", "{834998B0-0F8A-4FE5-878F-EECB51496DA0}"
EndProject
Project("{FAE04EC0-301F-11D3-BF4B-00C04F79EFBC}") = "Vending Machine", "Vending Machine\Vending Machine.csproj", "{7BAD66F5-DB9A-4C10-9233-C0ADE5BEAFD9}"
EndProject
Project("{FAE04EC0-301F-11D3-BF4B-00C04F79EFBC}") = "TriangleOfNumbers", "TriangleOfNumbers\TriangleOfNumbers.csproj", "{B8F970DA-D7AC-4045-B2E5-B142387A5AB0}"
EndProject
Project("{FAE04EC0-301F-11D3-BF4B-00C04F79EFBC}") = "PadawanEquipment", "PadawanEquipment\PadawanEquipment.csproj", "{6E3634D0-155C-4CC5-AFF9-B147F2C38F9F}"
EndProject
Project("{FAE04EC0-301F-11D3-BF4B-00C04F79EFBC}") = "RageExpenses", "RageExpenses\RageExpenses.csproj", "{942BF518-340A-4D37-840B-4FE17C954F4F}"
EndProject
Global
	GlobalSection(SolutionConfigurationPlatforms) = preSolution
		Debug|Any CPU = Debug|Any CPU
		Release|Any CPU = Release|Any CPU
	EndGlobalSection
	GlobalSection(ProjectConfigurationPlatforms) = postSolution
		{2CBD2AD0-CB69-438D-A6E6-4D88A0E424D0}.Debug|Any CPU.ActiveCfg = Debug|Any CPU
		{2CBD2AD0-CB69-438D-A6E6-4D88A0E424D0}.Debug|Any CPU.Build.0 = Debug|Any CPU
		{2CBD2AD0-CB69-438D-A6E6-4D88A0E424D0}.Release|Any CPU.ActiveCfg = Release|Any CPU
		{2CBD2AD0-CB69-438D-A6E6-4D88A0E424D0}.Release|Any CPU.Build.0 = Release|Any CPU
		{1A11AE83-3139-45D3-9E23-E7E69D9609BF}.Debug|Any CPU.ActiveCfg = Debug|Any CPU
		{1A11AE83-3139-45D3-9E23-E7E69D9609BF}.Debug|Any CPU.Build.0 = Debug|Any CPU
		{1A11AE83-3139-45D3-9E23-E7E69D9609BF}.Release|Any CPU.ActiveCfg = Release|Any CPU
		{1A11AE83-3139-45D3-9E23-E7E69D9609BF}.Release|Any CPU.Build.0 = Release|Any CPU
		{E20E9183-6954-43DE-A3BA-DC9FA1DCB846}.Debug|Any CPU.ActiveCfg = Debug|Any CPU
		{E20E9183-6954-43DE-A3BA-DC9FA1DCB846}.Debug|Any CPU.Build.0 = Debug|Any CPU
		{E20E9183-6954-43DE-A3BA-DC9FA1DCB846}.Release|Any CPU.ActiveCfg = Release|Any CPU
		{E20E9183-6954-43DE-A3BA-DC9FA1DCB846}.Release|Any CPU.Build.0 = Release|Any CPU
		{A73CE86A-E7B2-409F-AA10-8FFA2F1186EC}.Debug|Any CPU.ActiveCfg = Debug|Any CPU
		{A73CE86A-E7B2-409F-AA10-8FFA2F1186EC}.Debug|Any CPU.Build.0 = Debug|Any CPU
		{A73CE86A-E7B2-409F-AA10-8FFA2F1186EC}.Release|Any CPU.ActiveCfg = Release|Any CPU
		{A73CE86A-E7B2-409F-AA10-8FFA2F1186EC}.Release|Any CPU.Build.0 = Release|Any CPU
		{F829CFE4-7EC9-4F23-8DB5-AA40396C76AA}.Debug|Any CPU.ActiveCfg = Debug|Any CPU
		{F829CFE4-7EC9-4F23-8DB5-AA40396C76AA}.Debug|Any CPU.Build.0 = Debug|Any CPU
		{F829CFE4-7EC9-4F23-8DB5-AA40396C76AA}.Release|Any CPU.ActiveCfg = Release|Any CPU
		{F829CFE4-7EC9-4F23-8DB5-AA40396C76AA}.Release|Any CPU.Build.0 = Release|Any CPU
		{834998B0-0F8A-4FE5-878F-EECB51496DA0}.Debug|Any CPU.ActiveCfg = Debug|Any CPU
		{834998B0-0F8A-4FE5-878F-EECB51496DA0}.Debug|Any CPU.Build.0 = Debug|Any CPU
		{834998B0-0F8A-4FE5-878F-EECB51496DA0}.Release|Any CPU.ActiveCfg = Release|Any CPU
		{834998B0-0F8A-4FE5-878F-EECB51496DA0}.Release|Any CPU.Build.0 = Release|Any CPU
		{7BAD66F5-DB9A-4C10-9233-C0ADE5BEAFD9}.Debug|Any CPU.ActiveCfg = Debug|Any CPU
		{7BAD66F5-DB9A-4C10-9233-C0ADE5BEAFD9}.Debug|Any CPU.Build.0 = Debug|Any CPU
		{7BAD66F5-DB9A-4C10-9233-C0ADE5BEAFD9}.Release|Any CPU.ActiveCfg = Release|Any CPU
		{7BAD66F5-DB9A-4C10-9233-C0ADE5BEAFD9}.Release|Any CPU.Build.0 = Release|Any CPU
		{B8F970DA-D7AC-4045-B2E5-B142387A5AB0}.Debug|Any CPU.ActiveCfg = Debug|Any CPU
		{B8F970DA-D7AC-4045-B2E5-B142387A5AB0}.Debug|Any CPU.Build.0 = Debug|Any CPU
		{B8F970DA-D7AC-4045-B2E5-B142387A5AB0}.Release|Any CPU.ActiveCfg = Release|Any CPU
		{B8F970DA-D7AC-4045-B2E5-B142387A5AB0}.Release|Any CPU.Build.0 = Release|Any CPU
		{6E3634D0-155C-4CC5-AFF9-B147F2C38F9F}.Debug|Any CPU.ActiveCfg = Debug|Any CPU
		{6E3634D0-155C-4CC5-AFF9-B147F2C38F9F}.Debug|Any CPU.Build.0 = Debug|Any CPU
		{6E3634D0-155C-4CC5-AFF9-B147F2C38F9F}.Release|Any CPU.ActiveCfg = Release|Any CPU
		{6E3634D0-155C-4CC5-AFF9-B147F2C38F9F}.Release|Any CPU.Build.0 = Release|Any CPU
		{942BF518-340A-4D37-840B-4FE17C954F4F}.Debug|Any CPU.ActiveCfg = Debug|Any CPU
		{942BF518-340A-4D37-840B-4FE17C954F4F}.Debug|Any CPU.Build.0 = Debug|Any CPU
		{942BF518-340A-4D37-840B-4FE17C954F4F}.Release|Any CPU.ActiveCfg = Release|Any CPU
		{942BF518-340A-4D37-840B-4FE17C954F4F}.Release|Any CPU.Build.0 = Release|Any CPU
	EndGlobalSection
	GlobalSection(SolutionProperties) = preSolution
		HideSolutionNode = FALSE
	EndGlobalSection
	GlobalSection(ExtensibilityGlobals) = postSolution
		SolutionGuid = {D4F684C9-89E5-4339-823F-A2513929338B}
	EndGlobalSection
EndGlobal
