
Microsoft Visual Studio Solution File, Format Version 12.00
# Visual Studio Version 16
VisualStudioVersion = 16.0.30907.101
MinimumVisualStudioVersion = 10.0.40219.1
Project("{9A19103F-16F7-4668-BE54-9A1E7A4F7556}") = "01.DayOfWeek", "01.DayOfWeek\01.DayOfWeek.csproj", "{70F9870F-238D-4275-A022-4EFDD0CC2758}"
EndProject
Project("{9A19103F-16F7-4668-BE54-9A1E7A4F7556}") = "02.PrintNumbersInReverseOrder", "PrintNumbersInReverseOrder\02.PrintNumbersInReverseOrder.csproj", "{0E09DED8-6141-4DEF-9A0F-CB368CA72A55}"
EndProject
Project("{FAE04EC0-301F-11D3-BF4B-00C04F79EFBC}") = "03.RoundingNumbers", "03.RoundingNumbers\03.RoundingNumbers.csproj", "{EDC5A9F8-3CB4-4E6F-9CDC-2731A1EBF533}"
EndProject
Project("{FAE04EC0-301F-11D3-BF4B-00C04F79EFBC}") = "04.ReverseArrayOfStrings", "04.ReverseArrayOfStrings\04.ReverseArrayOfStrings.csproj", "{E04CD1AB-199C-48B3-B944-10689F644A40}"
EndProject
Project("{FAE04EC0-301F-11D3-BF4B-00C04F79EFBC}") = "05.SumEvenNumbers", "05.SumEvenNumbers\05.SumEvenNumbers.csproj", "{1455D87D-6E12-4C8B-B27D-EE4FBCFECEFE}"
EndProject
Project("{FAE04EC0-301F-11D3-BF4B-00C04F79EFBC}") = "06.EvenAndOddSubtraction", "06.EvenAndOddSubtraction\06.EvenAndOddSubtraction.csproj", "{3294989C-D611-457A-BD4F-577E5655B0D5}"
EndProject
Project("{FAE04EC0-301F-11D3-BF4B-00C04F79EFBC}") = "07.EqualArrays", "07.EqualArrays\07.EqualArrays.csproj", "{D7CE49FB-EF1F-42A7-A3D0-7061D6339DF2}"
EndProject
Project("{FAE04EC0-301F-11D3-BF4B-00C04F79EFBC}") = "08.CondenseArrayToNumber", "08.CondenseArrayToNumber\08.CondenseArrayToNumber.csproj", "{F37C6097-7086-46C6-92E1-8D9C53A49DCD}"
EndProject
Global
	GlobalSection(SolutionConfigurationPlatforms) = preSolution
		Debug|Any CPU = Debug|Any CPU
		Release|Any CPU = Release|Any CPU
	EndGlobalSection
	GlobalSection(ProjectConfigurationPlatforms) = postSolution
		{70F9870F-238D-4275-A022-4EFDD0CC2758}.Debug|Any CPU.ActiveCfg = Debug|Any CPU
		{70F9870F-238D-4275-A022-4EFDD0CC2758}.Debug|Any CPU.Build.0 = Debug|Any CPU
		{70F9870F-238D-4275-A022-4EFDD0CC2758}.Release|Any CPU.ActiveCfg = Release|Any CPU
		{70F9870F-238D-4275-A022-4EFDD0CC2758}.Release|Any CPU.Build.0 = Release|Any CPU
		{0E09DED8-6141-4DEF-9A0F-CB368CA72A55}.Debug|Any CPU.ActiveCfg = Debug|Any CPU
		{0E09DED8-6141-4DEF-9A0F-CB368CA72A55}.Debug|Any CPU.Build.0 = Debug|Any CPU
		{0E09DED8-6141-4DEF-9A0F-CB368CA72A55}.Release|Any CPU.ActiveCfg = Release|Any CPU
		{0E09DED8-6141-4DEF-9A0F-CB368CA72A55}.Release|Any CPU.Build.0 = Release|Any CPU
		{EDC5A9F8-3CB4-4E6F-9CDC-2731A1EBF533}.Debug|Any CPU.ActiveCfg = Debug|Any CPU
		{EDC5A9F8-3CB4-4E6F-9CDC-2731A1EBF533}.Debug|Any CPU.Build.0 = Debug|Any CPU
		{EDC5A9F8-3CB4-4E6F-9CDC-2731A1EBF533}.Release|Any CPU.ActiveCfg = Release|Any CPU
		{EDC5A9F8-3CB4-4E6F-9CDC-2731A1EBF533}.Release|Any CPU.Build.0 = Release|Any CPU
		{E04CD1AB-199C-48B3-B944-10689F644A40}.Debug|Any CPU.ActiveCfg = Debug|Any CPU
		{E04CD1AB-199C-48B3-B944-10689F644A40}.Debug|Any CPU.Build.0 = Debug|Any CPU
		{E04CD1AB-199C-48B3-B944-10689F644A40}.Release|Any CPU.ActiveCfg = Release|Any CPU
		{E04CD1AB-199C-48B3-B944-10689F644A40}.Release|Any CPU.Build.0 = Release|Any CPU
		{1455D87D-6E12-4C8B-B27D-EE4FBCFECEFE}.Debug|Any CPU.ActiveCfg = Debug|Any CPU
		{1455D87D-6E12-4C8B-B27D-EE4FBCFECEFE}.Debug|Any CPU.Build.0 = Debug|Any CPU
		{1455D87D-6E12-4C8B-B27D-EE4FBCFECEFE}.Release|Any CPU.ActiveCfg = Release|Any CPU
		{1455D87D-6E12-4C8B-B27D-EE4FBCFECEFE}.Release|Any CPU.Build.0 = Release|Any CPU
		{3294989C-D611-457A-BD4F-577E5655B0D5}.Debug|Any CPU.ActiveCfg = Debug|Any CPU
		{3294989C-D611-457A-BD4F-577E5655B0D5}.Debug|Any CPU.Build.0 = Debug|Any CPU
		{3294989C-D611-457A-BD4F-577E5655B0D5}.Release|Any CPU.ActiveCfg = Release|Any CPU
		{3294989C-D611-457A-BD4F-577E5655B0D5}.Release|Any CPU.Build.0 = Release|Any CPU
		{D7CE49FB-EF1F-42A7-A3D0-7061D6339DF2}.Debug|Any CPU.ActiveCfg = Debug|Any CPU
		{D7CE49FB-EF1F-42A7-A3D0-7061D6339DF2}.Debug|Any CPU.Build.0 = Debug|Any CPU
		{D7CE49FB-EF1F-42A7-A3D0-7061D6339DF2}.Release|Any CPU.ActiveCfg = Release|Any CPU
		{D7CE49FB-EF1F-42A7-A3D0-7061D6339DF2}.Release|Any CPU.Build.0 = Release|Any CPU
		{F37C6097-7086-46C6-92E1-8D9C53A49DCD}.Debug|Any CPU.ActiveCfg = Debug|Any CPU
		{F37C6097-7086-46C6-92E1-8D9C53A49DCD}.Debug|Any CPU.Build.0 = Debug|Any CPU
		{F37C6097-7086-46C6-92E1-8D9C53A49DCD}.Release|Any CPU.ActiveCfg = Release|Any CPU
		{F37C6097-7086-46C6-92E1-8D9C53A49DCD}.Release|Any CPU.Build.0 = Release|Any CPU
	EndGlobalSection
	GlobalSection(SolutionProperties) = preSolution
		HideSolutionNode = FALSE
	EndGlobalSection
	GlobalSection(ExtensibilityGlobals) = postSolution
		SolutionGuid = {4B8B68B9-EBB7-43CE-B261-D42E4DD21A4E}
	EndGlobalSection
EndGlobal
